// !$*UTF8*$!
{
	archiveVersion = 1;
	classes = {
	};
	objectVersion = 50;
	objects = {

/* Begin PBXBuildFile section */
		D747CA3C26D7E73F005CCC9E /* Assets.xcassets in Resources */ = {isa = PBXBuildFile; fileRef = D747CA3B26D7E73F005CCC9E /* Assets.xcassets */; };
		D747CA3F26D7E73F005CCC9E /* LaunchScreen.storyboard in Resources */ = {isa = PBXBuildFile; fileRef = D747CA3D26D7E73F005CCC9E /* LaunchScreen.storyboard */; };
		D747CA4A26D7E73F005CCC9E /* preworkTests.swift in Sources */ = {isa = PBXBuildFile; fileRef = D747CA4926D7E73F005CCC9E /* preworkTests.swift */; };
		D747CA5526D7E73F005CCC9E /* preworkUITests.swift in Sources */ = {isa = PBXBuildFile; fileRef = D747CA5426D7E73F005CCC9E /* preworkUITests.swift */; };
		D747CA6626D7E771005CCC9E /* SceneDelegate.swift in Sources */ = {isa = PBXBuildFile; fileRef = D747CA6226D7E771005CCC9E /* SceneDelegate.swift */; };
		D747CA6726D7E771005CCC9E /* SettingsViewController.swift in Sources */ = {isa = PBXBuildFile; fileRef = D747CA6326D7E771005CCC9E /* SettingsViewController.swift */; };
		D747CA6826D7E771005CCC9E /* ViewController.swift in Sources */ = {isa = PBXBuildFile; fileRef = D747CA6426D7E771005CCC9E /* ViewController.swift */; };
		D747CA6926D7E771005CCC9E /* AppDelegate.swift in Sources */ = {isa = PBXBuildFile; fileRef = D747CA6526D7E771005CCC9E /* AppDelegate.swift */; };
		D747CA6D26D7E82F005CCC9E /* Main.storyboard in Resources */ = {isa = PBXBuildFile; fileRef = D747CA6C26D7E82F005CCC9E /* Main.storyboard */; };
/* End PBXBuildFile section */

/* Begin PBXContainerItemProxy section */
		D747CA4626D7E73F005CCC9E /* PBXContainerItemProxy */ = {
			isa = PBXContainerItemProxy;
			containerPortal = D747CA2726D7E73E005CCC9E /* Project object */;
			proxyType = 1;
			remoteGlobalIDString = D747CA2E26D7E73E005CCC9E;
			remoteInfo = prework;
		};
		D747CA5126D7E73F005CCC9E /* PBXContainerItemProxy */ = {
			isa = PBXContainerItemProxy;
			containerPortal = D747CA2726D7E73E005CCC9E /* Project object */;
			proxyType = 1;
			remoteGlobalIDString = D747CA2E26D7E73E005CCC9E;
			remoteInfo = prework;
		};
/* End PBXContainerItemProxy section */

/* Begin PBXFileReference section */
		D747CA2F26D7E73E005CCC9E /* prework.app */ = {isa = PBXFileReference; explicitFileType = wrapper.application; includeInIndex = 0; path = prework.app; sourceTree = BUILT_PRODUCTS_DIR; };
		D747CA3B26D7E73F005CCC9E /* Assets.xcassets */ = {isa = PBXFileReference; lastKnownFileType = folder.assetcatalog; path = Assets.xcassets; sourceTree = "<group>"; };
		D747CA3E26D7E73F005CCC9E /* Base */ = {isa = PBXFileReference; lastKnownFileType = file.storyboard; name = Base; path = Base.lproj/LaunchScreen.storyboard; sourceTree = "<group>"; };
		D747CA4026D7E73F005CCC9E /* Info.plist */ = {isa = PBXFileReference; lastKnownFileType = text.plist.xml; path = Info.plist; sourceTree = "<group>"; };
		D747CA4526D7E73F005CCC9E /* preworkTests.xctest */ = {isa = PBXFileReference; explicitFileType = wrapper.cfbundle; includeInIndex = 0; path = preworkTests.xctest; sourceTree = BUILT_PRODUCTS_DIR; };
		D747CA4926D7E73F005CCC9E /* preworkTests.swift */ = {isa = PBXFileReference; lastKnownFileType = sourcecode.swift; path = preworkTests.swift; sourceTree = "<group>"; };
		D747CA4B26D7E73F005CCC9E /* Info.plist */ = {isa = PBXFileReference; lastKnownFileType = text.plist.xml; path = Info.plist; sourceTree = "<group>"; };
		D747CA5026D7E73F005CCC9E /* preworkUITests.xctest */ = {isa = PBXFileReference; explicitFileType = wrapper.cfbundle; includeInIndex = 0; path = preworkUITests.xctest; sourceTree = BUILT_PRODUCTS_DIR; };
		D747CA5426D7E73F005CCC9E /* preworkUITests.swift */ = {isa = PBXFileReference; lastKnownFileType = sourcecode.swift; path = preworkUITests.swift; sourceTree = "<group>"; };
		D747CA5626D7E73F005CCC9E /* Info.plist */ = {isa = PBXFileReference; lastKnownFileType = text.plist.xml; path = Info.plist; sourceTree = "<group>"; };
		D747CA6226D7E771005CCC9E /* SceneDelegate.swift */ = {isa = PBXFileReference; fileEncoding = 4; lastKnownFileType = sourcecode.swift; path = SceneDelegate.swift; sourceTree = "<group>"; };
		D747CA6326D7E771005CCC9E /* SettingsViewController.swift */ = {isa = PBXFileReference; fileEncoding = 4; lastKnownFileType = sourcecode.swift; path = SettingsViewController.swift; sourceTree = "<group>"; };
		D747CA6426D7E771005CCC9E /* ViewController.swift */ = {isa = PBXFileReference; fileEncoding = 4; lastKnownFileType = sourcecode.swift; path = ViewController.swift; sourceTree = "<group>"; };
		D747CA6526D7E771005CCC9E /* AppDelegate.swift */ = {isa = PBXFileReference; fileEncoding = 4; lastKnownFileType = sourcecode.swift; path = AppDelegate.swift; sourceTree = "<group>"; };
		D747CA6C26D7E82F005CCC9E /* Main.storyboard */ = {isa = PBXFileReference; fileEncoding = 4; lastKnownFileType = file.storyboard; path = Main.storyboard; sourceTree = "<group>"; };
/* End PBXFileReference section */

/* Begin PBXFrameworksBuildPhase section */
		D747CA2C26D7E73E005CCC9E /* Frameworks */ = {
			isa = PBXFrameworksBuildPhase;
			buildActionMask = 2147483647;
			files = (
			);
			runOnlyForDeploymentPostprocessing = 0;
		};
		D747CA4226D7E73F005CCC9E /* Frameworks */ = {
			isa = PBXFrameworksBuildPhase;
			buildActionMask = 2147483647;
			files = (
			);
			runOnlyForDeploymentPostprocessing = 0;
		};
		D747CA4D26D7E73F005CCC9E /* Frameworks */ = {
			isa = PBXFrameworksBuildPhase;
			buildActionMask = 2147483647;
			files = (
			);
			runOnlyForDeploymentPostprocessing = 0;
		};
/* End PBXFrameworksBuildPhase section */

/* Begin PBXGroup section */
		D747CA2626D7E73E005CCC9E = {
			isa = PBXGroup;
			children = (
				D747CA3126D7E73E005CCC9E /* prework */,
				D747CA4826D7E73F005CCC9E /* preworkTests */,
				D747CA5326D7E73F005CCC9E /* preworkUITests */,
				D747CA3026D7E73E005CCC9E /* Products */,
			);
			sourceTree = "<group>";
		};
		D747CA3026D7E73E005CCC9E /* Products */ = {
			isa = PBXGroup;
			children = (
				D747CA2F26D7E73E005CCC9E /* prework.app */,
				D747CA4526D7E73F005CCC9E /* preworkTests.xctest */,
				D747CA5026D7E73F005CCC9E /* preworkUITests.xctest */,
			);
			name = Products;
			sourceTree = "<group>";
		};
		D747CA3126D7E73E005CCC9E /* prework */ = {
			isa = PBXGroup;
			children = (
				D747CA6526D7E771005CCC9E /* AppDelegate.swift */,
				D747CA6226D7E771005CCC9E /* SceneDelegate.swift */,
				D747CA6326D7E771005CCC9E /* SettingsViewController.swift */,
				D747CA6C26D7E82F005CCC9E /* Main.storyboard */,
				D747CA6426D7E771005CCC9E /* ViewController.swift */,
				D747CA3B26D7E73F005CCC9E /* Assets.xcassets */,
				D747CA3D26D7E73F005CCC9E /* LaunchScreen.storyboard */,
				D747CA4026D7E73F005CCC9E /* Info.plist */,
			);
			path = prework;
			sourceTree = "<group>";
		};
		D747CA4826D7E73F005CCC9E /* preworkTests */ = {
			isa = PBXGroup;
			children = (
				D747CA4926D7E73F005CCC9E /* preworkTests.swift */,
				D747CA4B26D7E73F005CCC9E /* Info.plist */,
			);
			path = preworkTests;
			sourceTree = "<group>";
		};
		D747CA5326D7E73F005CCC9E /* preworkUITests */ = {
			isa = PBXGroup;
			children = (
				D747CA5426D7E73F005CCC9E /* preworkUITests.swift */,
				D747CA5626D7E73F005CCC9E /* Info.plist */,
			);
			path = preworkUITests;
			sourceTree = "<group>";
		};
/* End PBXGroup section */

/* Begin PBXNativeTarget section */
		D747CA2E26D7E73E005CCC9E /* prework */ = {
			isa = PBXNativeTarget;
			buildConfigurationList = D747CA5926D7E73F005CCC9E /* Build configuration list for PBXNativeTarget "prework" */;
			buildPhases = (
				D747CA2B26D7E73E005CCC9E /* Sources */,
				D747CA2C26D7E73E005CCC9E /* Frameworks */,
				D747CA2D26D7E73E005CCC9E /* Resources */,
			);
			buildRules = (
			);
			dependencies = (
			);
			name = prework;
			productName = prework;
			productReference = D747CA2F26D7E73E005CCC9E /* prework.app */;
			productType = "com.apple.product-type.application";
		};
		D747CA4426D7E73F005CCC9E /* preworkTests */ = {
			isa = PBXNativeTarget;
			buildConfigurationList = D747CA5C26D7E73F005CCC9E /* Build configuration list for PBXNativeTarget "preworkTests" */;
			buildPhases = (
				D747CA4126D7E73F005CCC9E /* Sources */,
				D747CA4226D7E73F005CCC9E /* Frameworks */,
				D747CA4326D7E73F005CCC9E /* Resources */,
			);
			buildRules = (
			);
			dependencies = (
				D747CA4726D7E73F005CCC9E /* PBXTargetDependency */,
			);
			name = preworkTests;
			productName = preworkTests;
			productReference = D747CA4526D7E73F005CCC9E /* preworkTests.xctest */;
			productType = "com.apple.product-type.bundle.unit-test";
		};
		D747CA4F26D7E73F005CCC9E /* preworkUITests */ = {
			isa = PBXNativeTarget;
			buildConfigurationList = D747CA5F26D7E73F005CCC9E /* Build configuration list for PBXNativeTarget "preworkUITests" */;
			buildPhases = (
				D747CA4C26D7E73F005CCC9E /* Sources */,
				D747CA4D26D7E73F005CCC9E /* Frameworks */,
				D747CA4E26D7E73F005CCC9E /* Resources */,
			);
			buildRules = (
			);
			dependencies = (
				D747CA5226D7E73F005CCC9E /* PBXTargetDependency */,
			);
			name = preworkUITests;
			productName = preworkUITests;
			productReference = D747CA5026D7E73F005CCC9E /* preworkUITests.xctest */;
			productType = "com.apple.product-type.bundle.ui-testing";
		};
/* End PBXNativeTarget section */

/* Begin PBXProject section */
		D747CA2726D7E73E005CCC9E /* Project object */ = {
			isa = PBXProject;
			attributes = {
				LastSwiftUpdateCheck = 1250;
				LastUpgradeCheck = 1250;
				TargetAttributes = {
					D747CA2E26D7E73E005CCC9E = {
						CreatedOnToolsVersion = 12.5.1;
						LastSwiftMigration = 1250;
					};
					D747CA4426D7E73F005CCC9E = {
						CreatedOnToolsVersion = 12.5.1;
						TestTargetID = D747CA2E26D7E73E005CCC9E;
					};
					D747CA4F26D7E73F005CCC9E = {
						CreatedOnToolsVersion = 12.5.1;
						TestTargetID = D747CA2E26D7E73E005CCC9E;
					};
				};
			};
			buildConfigurationList = D747CA2A26D7E73E005CCC9E /* Build configuration list for PBXProject "prework" */;
			compatibilityVersion = "Xcode 9.3";
			developmentRegion = en;
			hasScannedForEncodings = 0;
			knownRegions = (
				en,
				Base,
			);
			mainGroup = D747CA2626D7E73E005CCC9E;
			productRefGroup = D747CA3026D7E73E005CCC9E /* Products */;
			projectDirPath = "";
			projectRoot = "";
			targets = (
				D747CA2E26D7E73E005CCC9E /* prework */,
				D747CA4426D7E73F005CCC9E /* preworkTests */,
				D747CA4F26D7E73F005CCC9E /* preworkUITests */,
			);
		};
/* End PBXProject section */

/* Begin PBXResourcesBuildPhase section */
		D747CA2D26D7E73E005CCC9E /* Resources */ = {
			isa = PBXResourcesBuildPhase;
			buildActionMask = 2147483647;
			files = (
				D747CA6D26D7E82F005CCC9E /* Main.storyboard in Resources */,
				D747CA3F26D7E73F005CCC9E /* LaunchScreen.storyboard in Resources */,
				D747CA3C26D7E73F005CCC9E /* Assets.xcassets in Resources */,
			);
			runOnlyForDeploymentPostprocessing = 0;
		};
		D747CA4326D7E73F005CCC9E /* Resources */ = {
			isa = PBXResourcesBuildPhase;
			buildActionMask = 2147483647;
			files = (
			);
			runOnlyForDeploymentPostprocessing = 0;
		};
		D747CA4E26D7E73F005CCC9E /* Resources */ = {
			isa = PBXResourcesBuildPhase;
			buildActionMask = 2147483647;
			files = (
			);
			runOnlyForDeploymentPostprocessing = 0;
		};
/* End PBXResourcesBuildPhase section */

/* Begin PBXSourcesBuildPhase section */
		D747CA2B26D7E73E005CCC9E /* Sources */ = {
			isa = PBXSourcesBuildPhase;
			buildActionMask = 2147483647;
			files = (
				D747CA6926D7E771005CCC9E /* AppDelegate.swift in Sources */,
				D747CA6826D7E771005CCC9E /* ViewController.swift in Sources */,
				D747CA6626D7E771005CCC9E /* SceneDelegate.swift in Sources */,
				D747CA6726D7E771005CCC9E /* SettingsViewController.swift in Sources */,
			);
			runOnlyForDeploymentPostprocessing = 0;
		};
		D747CA4126D7E73F005CCC9E /* Sources */ = {
			isa = PBXSourcesBuildPhase;
			buildActionMask = 2147483647;
			files = (
				D747CA4A26D7E73F005CCC9E /* preworkTests.swift in Sources */,
			);
			runOnlyForDeploymentPostprocessing = 0;
		};
		D747CA4C26D7E73F005CCC9E /* Sources */ = {
			isa = PBXSourcesBuildPhase;
			buildActionMask = 2147483647;
			files = (
				D747CA5526D7E73F005CCC9E /* preworkUITests.swift in Sources */,
			);
			runOnlyForDeploymentPostprocessing = 0;
		};
/* End PBXSourcesBuildPhase section */

/* Begin PBXTargetDependency section */
		D747CA4726D7E73F005CCC9E /* PBXTargetDependency */ = {
			isa = PBXTargetDependency;
			target = D747CA2E26D7E73E005CCC9E /* prework */;
			targetProxy = D747CA4626D7E73F005CCC9E /* PBXContainerItemProxy */;
		};
		D747CA5226D7E73F005CCC9E /* PBXTargetDependency */ = {
			isa = PBXTargetDependency;
			target = D747CA2E26D7E73E005CCC9E /* prework */;
			targetProxy = D747CA5126D7E73F005CCC9E /* PBXContainerItemProxy */;
		};
/* End PBXTargetDependency section */

/* Begin PBXVariantGroup section */
		D747CA3D26D7E73F005CCC9E /* LaunchScreen.storyboard */ = {
			isa = PBXVariantGroup;
			children = (
				D747CA3E26D7E73F005CCC9E /* Base */,
			);
			name = LaunchScreen.storyboard;
			sourceTree = "<group>";
		};
/* End PBXVariantGroup section */

/* Begin XCBuildConfiguration section */
		D747CA5726D7E73F005CCC9E /* Debug */ = {
			isa = XCBuildConfiguration;
			buildSettings = {
				ALWAYS_SEARCH_USER_PATHS = NO;
				CLANG_ANALYZER_NONNULL = YES;
				CLANG_ANALYZER_NUMBER_OBJECT_CONVERSION = YES_AGGRESSIVE;
				CLANG_CXX_LANGUAGE_STANDARD = "gnu++14";
				CLANG_CXX_LIBRARY = "libc++";
				CLANG_ENABLE_MODULES = YES;
				CLANG_ENABLE_OBJC_ARC = YES;
				CLANG_ENABLE_OBJC_WEAK = YES;
				CLANG_WARN_BLOCK_CAPTURE_AUTORELEASING = YES;
				CLANG_WARN_BOOL_CONVERSION = YES;
				CLANG_WARN_COMMA = YES;
				CLANG_WARN_CONSTANT_CONVERSION = YES;
				CLANG_WARN_DEPRECATED_OBJC_IMPLEMENTATIONS = YES;
				CLANG_WARN_DIRECT_OBJC_ISA_USAGE = YES_ERROR;
				CLANG_WARN_DOCUMENTATION_COMMENTS = YES;
				CLANG_WARN_EMPTY_BODY = YES;
				CLANG_WARN_ENUM_CONVERSION = YES;
				CLANG_WARN_INFINITE_RECURSION = YES;
				CLANG_WARN_INT_CONVERSION = YES;
				CLANG_WARN_NON_LITERAL_NULL_CONVERSION = YES;
				CLANG_WARN_OBJC_IMPLICIT_RETAIN_SELF = YES;
				CLANG_WARN_OBJC_LITERAL_CONVERSION = YES;
				CLANG_WARN_OBJC_ROOT_CLASS = YES_ERROR;
				CLANG_WARN_QUOTED_INCLUDE_IN_FRAMEWORK_HEADER = YES;
				CLANG_WARN_RANGE_LOOP_ANALYSIS = YES;
				CLANG_WARN_STRICT_PROTOTYPES = YES;
				CLANG_WARN_SUSPICIOUS_MOVE = YES;
				CLANG_WARN_UNGUARDED_AVAILABILITY = YES_AGGRESSIVE;
				CLANG_WARN_UNREACHABLE_CODE = YES;
				CLANG_WARN__DUPLICATE_METHOD_MATCH = YES;
				COPY_PHASE_STRIP = NO;
				DEBUG_INFORMATION_FORMAT = dwarf;
				ENABLE_STRICT_OBJC_MSGSEND = YES;
				ENABLE_TESTABILITY = YES;
				GCC_C_LANGUAGE_STANDARD = gnu11;
				GCC_DYNAMIC_NO_PIC = NO;
				GCC_NO_COMMON_BLOCKS = YES;
				GCC_OPTIMIZATION_LEVEL = 0;
				GCC_PREPROCESSOR_DEFINITIONS = (
					"DEBUG=1",
					"$(inherited)",
				);
				GCC_WARN_64_TO_32_BIT_CONVERSION = YES;
				GCC_WARN_ABOUT_RETURN_TYPE = YES_ERROR;
				GCC_WARN_UNDECLARED_SELECTOR = YES;
				GCC_WARN_UNINITIALIZED_AUTOS = YES_AGGRESSIVE;
				GCC_WARN_UNUSED_FUNCTION = YES;
				GCC_WARN_UNUSED_VARIABLE = YES;
				IPHONEOS_DEPLOYMENT_TARGET = 14.5;
				MTL_ENABLE_DEBUG_INFO = INCLUDE_SOURCE;
				MTL_FAST_MATH = YES;
				ONLY_ACTIVE_ARCH = YES;
				SDKROOT = iphoneos;
				SWIFT_ACTIVE_COMPILATION_CONDITIONS = DEBUG;
				SWIFT_OPTIMIZATION_LEVEL = "-Onone";
			};
			name = Debug;
		};
		D747CA5826D7E73F005CCC9E /* Release */ = {
			isa = XCBuildConfiguration;
			buildSettings = {
				ALWAYS_SEARCH_USER_PATHS = NO;
				CLANG_ANALYZER_NONNULL = YES;
				CLANG_ANALYZER_NUMBER_OBJECT_CONVERSION = YES_AGGRESSIVE;
				CLANG_CXX_LANGUAGE_STANDARD = "gnu++14";
				CLANG_CXX_LIBRARY = "libc++";
				CLANG_ENABLE_MODULES = YES;
				CLANG_ENABLE_OBJC_ARC = YES;
				CLANG_ENABLE_OBJC_WEAK = YES;
				CLANG_WARN_BLOCK_CAPTURE_AUTORELEASING = YES;
				CLANG_WARN_BOOL_CONVERSION = YES;
				CLANG_WARN_COMMA = YES;
				CLANG_WARN_CONSTANT_CONVERSION = YES;
				CLANG_WARN_DEPRECATED_OBJC_IMPLEMENTATIONS = YES;
				CLANG_WARN_DIRECT_OBJC_ISA_USAGE = YES_ERROR;
				CLANG_WARN_DOCUMENTATION_COMMENTS = YES;
				CLANG_WARN_EMPTY_BODY = YES;
				CLANG_WARN_ENUM_CONVERSION = YES;
				CLANG_WARN_INFINITE_RECURSION = YES;
				CLANG_WARN_INT_CONVERSION = YES;
				CLANG_WARN_NON_LITERAL_NULL_CONVERSION = YES;
				CLANG_WARN_OBJC_IMPLICIT_RETAIN_SELF = YES;
				CLANG_WARN_OBJC_LITERAL_CONVERSION = YES;
				CLANG_WARN_OBJC_ROOT_CLASS = YES_ERROR;
				CLANG_WARN_QUOTED_INCLUDE_IN_FRAMEWORK_HEADER = YES;
				CLANG_WARN_RANGE_LOOP_ANALYSIS = YES;
				CLANG_WARN_STRICT_PROTOTYPES = YES;
				CLANG_WARN_SUSPICIOUS_MOVE = YES;
				CLANG_WARN_UNGUARDED_AVAILABILITY = YES_AGGRESSIVE;
				CLANG_WARN_UNREACHABLE_CODE = YES;
				CLANG_WARN__DUPLICATE_METHOD_MATCH = YES;
				COPY_PHASE_STRIP = NO;
				DEBUG_INFORMATION_FORMAT = "dwarf-with-dsym";
				ENABLE_NS_ASSERTIONS = NO;
				ENABLE_STRICT_OBJC_MSGSEND = YES;
				GCC_C_LANGUAGE_STANDARD = gnu11;
				GCC_NO_COMMON_BLOCKS = YES;
				GCC_WARN_64_TO_32_BIT_CONVERSION = YES;
				GCC_WARN_ABOUT_RETURN_TYPE = YES_ERROR;
				GCC_WARN_UNDECLARED_SELECTOR = YES;
				GCC_WARN_UNINITIALIZED_AUTOS = YES_AGGRESSIVE;
				GCC_WARN_UNUSED_FUNCTION = YES;
				GCC_WARN_UNUSED_VARIABLE = YES;
				IPHONEOS_DEPLOYMENT_TARGET = 14.5;
				MTL_ENABLE_DEBUG_INFO = NO;
				MTL_FAST_MATH = YES;
				SDKROOT = iphoneos;
				SWIFT_COMPILATION_MODE = wholemodule;
				SWIFT_OPTIMIZATION_LEVEL = "-O";
				VALIDATE_PRODUCT = YES;
			};
			name = Release;
		};
		D747CA5A26D7E73F005CCC9E /* Debug */ = {
			isa = XCBuildConfiguration;
			buildSettings = {
				ASSETCATALOG_COMPILER_APPICON_NAME = AppIcon;
				ASSETCATALOG_COMPILER_GLOBAL_ACCENT_COLOR_NAME = AccentColor;
				CLANG_ENABLE_MODULES = YES;
				CODE_SIGN_STYLE = Automatic;
				INFOPLIST_FILE = prework/Info.plist;
				LD_RUNPATH_SEARCH_PATHS = (
					"$(inherited)",
					"@executable_path/Frameworks",
				);
				PRODUCT_BUNDLE_IDENTIFIER = CodePath.prework;
				PRODUCT_NAME = "$(TARGET_NAME)";
				SWIFT_OPTIMIZATION_LEVEL = "-Onone";
				SWIFT_VERSION = 5.0;
				TARGETED_DEVICE_FAMILY = "1,2";
			};
			name = Debug;
		};
		D747CA5B26D7E73F005CCC9E /* Release */ = {
			isa = XCBuildConfiguration;
			buildSettings = {
				ASSETCATALOG_COMPILER_APPICON_NAME = AppIcon;
				ASSETCATALOG_COMPILER_GLOBAL_ACCENT_COLOR_NAME = AccentColor;
				CLANG_ENABLE_MODULES = YES;
				CODE_SIGN_STYLE = Automatic;
				INFOPLIST_FILE = prework/Info.plist;
				LD_RUNPATH_SEARCH_PATHS = (
					"$(inherited)",
					"@executable_path/Frameworks",
				);
				PRODUCT_BUNDLE_IDENTIFIER = CodePath.prework;
				PRODUCT_NAME = "$(TARGET_NAME)";
				SWIFT_VERSION = 5.0;
				TARGETED_DEVICE_FAMILY = "1,2";
			};
			name = Release;
		};
		D747CA5D26D7E73F005CCC9E /* Debug */ = {
			isa = XCBuildConfiguration;
			buildSettings = {
				ALWAYS_EMBED_SWIFT_STANDARD_LIBRARIES = YES;
				BUNDLE_LOADER = "$(TEST_HOST)";
				CODE_SIGN_STYLE = Automatic;
				INFOPLIST_FILE = preworkTests/Info.plist;
				IPHONEOS_DEPLOYMENT_TARGET = 14.5;
				LD_RUNPATH_SEARCH_PATHS = (
					"$(inherited)",
					"@executable_path/Frameworks",
					"@loader_path/Frameworks",
				);
				PRODUCT_BUNDLE_IDENTIFIER = CodePath.preworkTests;
				PRODUCT_NAME = "$(TARGET_NAME)";
				SWIFT_VERSION = 5.0;
				TARGETED_DEVICE_FAMILY = "1,2";
				TEST_HOST = "$(BUILT_PRODUCTS_DIR)/prework.app/prework";
			};
			name = Debug;
		};
		D747CA5E26D7E73F005CCC9E /* Release */ = {
			isa = XCBuildConfiguration;
			buildSettings = {
				ALWAYS_EMBED_SWIFT_STANDARD_LIBRARIES = YES;
				BUNDLE_LOADER = "$(TEST_HOST)";
				CODE_SIGN_STYLE = Automatic;
				INFOPLIST_FILE = preworkTests/Info.plist;
				IPHONEOS_DEPLOYMENT_TARGET = 14.5;
				LD_RUNPATH_SEARCH_PATHS = (
					"$(inherited)",
					"@executable_path/Frameworks",
					"@loader_path/Frameworks",
				);
				PRODUCT_BUNDLE_IDENTIFIER = CodePath.preworkTests;
				PRODUCT_NAME = "$(TARGET_NAME)";
				SWIFT_VERSION = 5.0;
				TARGETED_DEVICE_FAMILY = "1,2";
				TEST_HOST = "$(BUILT_PRODUCTS_DIR)/prework.app/prework";
			};
			name = Release;
		};
		D747CA6026D7E73F005CCC9E /* Debug */ = {
			isa = XCBuildConfiguration;
			buildSettings = {
				ALWAYS_EMBED_SWIFT_STANDARD_LIBRARIES = YES;
				CODE_SIGN_STYLE = Automatic;
				INFOPLIST_FILE = preworkUITests/Info.plist;
				LD_RUNPATH_SEARCH_PATHS = (
					"$(inherited)",
					"@executable_path/Frameworks",
					"@loader_path/Frameworks",
				);
				PRODUCT_BUNDLE_IDENTIFIER = CodePath.preworkUITests;
				PRODUCT_NAME = "$(TARGET_NAME)";
				SWIFT_VERSION = 5.0;
				TARGETED_DEVICE_FAMILY = "1,2";
				TEST_TARGET_NAME = prework;
			};
			name = Debug;
		};
		D747CA6126D7E73F005CCC9E /* Release */ = {
			isa = XCBuildConfiguration;
			buildSettings = {
				ALWAYS_EMBED_SWIFT_STANDARD_LIBRARIES = YES;
				CODE_SIGN_STYLE = Automatic;
				INFOPLIST_FILE = preworkUITests/Info.plist;
				LD_RUNPATH_SEARCH_PATHS = (
					"$(inherited)",
					"@executable_path/Frameworks",
					"@loader_path/Frameworks",
				);
				PRODUCT_BUNDLE_IDENTIFIER = CodePath.preworkUITests;
				PRODUCT_NAME = "$(TARGET_NAME)";
				SWIFT_VERSION = 5.0;
				TARGETED_DEVICE_FAMILY = "1,2";
				TEST_TARGET_NAME = prework;
			};
			name = Release;
		};
/* End XCBuildConfiguration section */

/* Begin XCConfigurationList section */
		D747CA2A26D7E73E005CCC9E /* Build configuration list for PBXProject "prework" */ = {
			isa = XCConfigurationList;
			buildConfigurations = (
				D747CA5726D7E73F005CCC9E /* Debug */,
				D747CA5826D7E73F005CCC9E /* Release */,
			);
			defaultConfigurationIsVisible = 0;
			defaultConfigurationName = Release;
		};
		D747CA5926D7E73F005CCC9E /* Build configuration list for PBXNativeTarget "prework" */ = {
			isa = XCConfigurationList;
			buildConfigurations = (
				D747CA5A26D7E73F005CCC9E /* Debug */,
				D747CA5B26D7E73F005CCC9E /* Release */,
			);
			defaultConfigurationIsVisible = 0;
			defaultConfigurationName = Release;
		};
		D747CA5C26D7E73F005CCC9E /* Build configuration list for PBXNativeTarget "preworkTests" */ = {
			isa = XCConfigurationList;
			buildConfigurations = (
				D747CA5D26D7E73F005CCC9E /* Debug */,
				D747CA5E26D7E73F005CCC9E /* Release */,
			);
			defaultConfigurationIsVisible = 0;
			defaultConfigurationName = Release;
		};
		D747CA5F26D7E73F005CCC9E /* Build configuration list for PBXNativeTarget "preworkUITests" */ = {
			isa = XCConfigurationList;
			buildConfigurations = (
				D747CA6026D7E73F005CCC9E /* Debug */,
				D747CA6126D7E73F005CCC9E /* Release */,
			);
			defaultConfigurationIsVisible = 0;
			defaultConfigurationName = Release;
		};
/* End XCConfigurationList section */
	};
	rootObject = D747CA2726D7E73E005CCC9E /* Project object */;
}
